
Microsoft Visual Studio Solution File, Format Version 12.00
# Visual Studio Version 16
VisualStudioVersion = 16.0.29411.108
MinimumVisualStudioVersion = 10.0.40219.1
Project("{FAE04EC0-301F-11D3-BF4B-00C04F79EFBC}") = "AffichageTempsReel", "AffichageTempsReel\AffichageTempsReel.csproj", "{3AAF5D64-74F9-4263-8AA8-67D9D54544E1}"
EndProject
Project("{FAE04EC0-301F-11D3-BF4B-00C04F79EFBC}") = "Classes", "Classes\Classes.csproj", "{CF570EA7-7B97-4F40-9DF9-49F5FCD67DAF}"
EndProject
Project("{FAE04EC0-301F-11D3-BF4B-00C04F79EFBC}") = "ControleAffichage", "ControleAffichage\ControleAffichage.csproj", "{AF7AC6B5-B5A5-40CD-B201-EE0F00666E32}"
EndProject
Project("{FAE04EC0-301F-11D3-BF4B-00C04F79EFBC}") = "ActiveMq_Utils", "..\ActiveMq_Utils\ActiveMq_Utils.csproj", "{56E73172-46C0-42F7-9AB1-85CFFB71BA02}"
EndProject
Project("{FAE04EC0-301F-11D3-BF4B-00C04F79EFBC}") = "Services", "..\Services\Services.csproj", "{EB614B92-F00D-4AC9-9AF7-25F4010CD2D4}"
EndProject
Global
	GlobalSection(SolutionConfigurationPlatforms) = preSolution
		Debug|Any CPU = Debug|Any CPU
		Release|Any CPU = Release|Any CPU
	EndGlobalSection
	GlobalSection(ProjectConfigurationPlatforms) = postSolution
		{3AAF5D64-74F9-4263-8AA8-67D9D54544E1}.Debug|Any CPU.ActiveCfg = Debug|Any CPU
		{3AAF5D64-74F9-4263-8AA8-67D9D54544E1}.Debug|Any CPU.Build.0 = Debug|Any CPU
		{3AAF5D64-74F9-4263-8AA8-67D9D54544E1}.Release|Any CPU.ActiveCfg = Release|Any CPU
		{3AAF5D64-74F9-4263-8AA8-67D9D54544E1}.Release|Any CPU.Build.0 = Release|Any CPU
		{CF570EA7-7B97-4F40-9DF9-49F5FCD67DAF}.Debug|Any CPU.ActiveCfg = Debug|Any CPU
		{CF570EA7-7B97-4F40-9DF9-49F5FCD67DAF}.Debug|Any CPU.Build.0 = Debug|Any CPU
		{CF570EA7-7B97-4F40-9DF9-49F5FCD67DAF}.Release|Any CPU.ActiveCfg = Release|Any CPU
		{CF570EA7-7B97-4F40-9DF9-49F5FCD67DAF}.Release|Any CPU.Build.0 = Release|Any CPU
		{AF7AC6B5-B5A5-40CD-B201-EE0F00666E32}.Debug|Any CPU.ActiveCfg = Debug|Any CPU
		{AF7AC6B5-B5A5-40CD-B201-EE0F00666E32}.Debug|Any CPU.Build.0 = Debug|Any CPU
		{AF7AC6B5-B5A5-40CD-B201-EE0F00666E32}.Release|Any CPU.ActiveCfg = Release|Any CPU
		{AF7AC6B5-B5A5-40CD-B201-EE0F00666E32}.Release|Any CPU.Build.0 = Release|Any CPU
		{56E73172-46C0-42F7-9AB1-85CFFB71BA02}.Debug|Any CPU.ActiveCfg = Debug|Any CPU
		{56E73172-46C0-42F7-9AB1-85CFFB71BA02}.Debug|Any CPU.Build.0 = Debug|Any CPU
		{56E73172-46C0-42F7-9AB1-85CFFB71BA02}.Release|Any CPU.ActiveCfg = Release|Any CPU
		{56E73172-46C0-42F7-9AB1-85CFFB71BA02}.Release|Any CPU.Build.0 = Release|Any CPU
		{EB614B92-F00D-4AC9-9AF7-25F4010CD2D4}.Debug|Any CPU.ActiveCfg = Debug|Any CPU
		{EB614B92-F00D-4AC9-9AF7-25F4010CD2D4}.Debug|Any CPU.Build.0 = Debug|Any CPU
		{EB614B92-F00D-4AC9-9AF7-25F4010CD2D4}.Release|Any CPU.ActiveCfg = Release|Any CPU
		{EB614B92-F00D-4AC9-9AF7-25F4010CD2D4}.Release|Any CPU.Build.0 = Release|Any CPU
	EndGlobalSection
	GlobalSection(SolutionProperties) = preSolution
		HideSolutionNode = FALSE
	EndGlobalSection
	GlobalSection(ExtensibilityGlobals) = postSolution
		SolutionGuid = {8862AB2A-A441-4710-9676-721318CE1896}
	EndGlobalSection
EndGlobal
